
Microsoft Visual Studio Solution File, Format Version 12.00
# Visual Studio Version 17
VisualStudioVersion = 17.10.35004.147
MinimumVisualStudioVersion = 10.0.40219.1
Project("{FAE04EC0-301F-11D3-BF4B-00C04F79EFBC}") = "Bank", "Bank\Bank.csproj", "{F8F9431E-34D6-41A4-9C40-CAE8490EAEDD}"
EndProject
Global
	GlobalSection(SolutionConfigurationPlatforms) = preSolution
		Debug|Any CPU = Debug|Any CPU
		Release|Any CPU = Release|Any CPU
	EndGlobalSection
	GlobalSection(ProjectConfigurationPlatforms) = postSolution
		{F8F9431E-34D6-41A4-9C40-CAE8490EAEDD}.Debug|Any CPU.ActiveCfg = Debug|Any CPU
		{F8F9431E-34D6-41A4-9C40-CAE8490EAEDD}.Debug|Any CPU.Build.0 = Debug|Any CPU
		{F8F9431E-34D6-41A4-9C40-CAE8490EAEDD}.Release|Any CPU.ActiveCfg = Release|Any CPU
		{F8F9431E-34D6-41A4-9C40-CAE8490EAEDD}.Release|Any CPU.Build.0 = Release|Any CPU
	EndGlobalSection
	GlobalSection(SolutionProperties) = preSolution
		HideSolutionNode = FALSE
	EndGlobalSection
	GlobalSection(ExtensibilityGlobals) = postSolution
		SolutionGuid = {EC0C4AEC-8CA9-47E3-844F-1FA0D53AAD30}
	EndGlobalSection
EndGlobal
